
Microsoft Visual Studio Solution File, Format Version 12.00
Project("{FAE04EC0-301F-11D3-BF4B-00C04F79EFBC}") = "TestSlackBot", "TestSlackBot\TestSlackBot.csproj", "{68940B1A-3CBC-450C-9683-6AE31508043D}"
EndProject
Project("{FAE04EC0-301F-11D3-BF4B-00C04F79EFBC}") = "SlackClient", "SlackClient\SlackClient.csproj", "{762108BC-D120-411A-99B1-B990A06E00A2}"
EndProject
Global
	GlobalSection(SolutionConfigurationPlatforms) = preSolution
		Debug|Any CPU = Debug|Any CPU
		Release|Any CPU = Release|Any CPU
	EndGlobalSection
	GlobalSection(ProjectConfigurationPlatforms) = postSolution
		{68940B1A-3CBC-450C-9683-6AE31508043D}.Debug|Any CPU.ActiveCfg = Debug|Any CPU
		{68940B1A-3CBC-450C-9683-6AE31508043D}.Debug|Any CPU.Build.0 = Debug|Any CPU
		{68940B1A-3CBC-450C-9683-6AE31508043D}.Release|Any CPU.ActiveCfg = Release|Any CPU
		{68940B1A-3CBC-450C-9683-6AE31508043D}.Release|Any CPU.Build.0 = Release|Any CPU
		{762108BC-D120-411A-99B1-B990A06E00A2}.Debug|Any CPU.ActiveCfg = Debug|Any CPU
		{762108BC-D120-411A-99B1-B990A06E00A2}.Debug|Any CPU.Build.0 = Debug|Any CPU
		{762108BC-D120-411A-99B1-B990A06E00A2}.Release|Any CPU.ActiveCfg = Release|Any CPU
		{762108BC-D120-411A-99B1-B990A06E00A2}.Release|Any CPU.Build.0 = Release|Any CPU
	EndGlobalSection
EndGlobal
